
Microsoft Visual Studio Solution File, Format Version 12.00
# Visual Studio Version 17
VisualStudioVersion = 17.9.34622.214
MinimumVisualStudioVersion = 10.0.40219.1
Project("{9A19103F-16F7-4668-BE54-9A1E7A4F7556}") = "PersonalBests.Core", "PersonalBests.Core\PersonalBests.Core.csproj", "{55E1D2D4-4A37-47DE-ABBA-3B6D7F42CAEF}"
EndProject
Project("{9A19103F-16F7-4668-BE54-9A1E7A4F7556}") = "PersonalBests.Tests", "PersonalBests.Tests\PersonalBests.Tests.csproj", "{3067E0D7-4B66-45E5-986E-AFDA9C00796A}"
EndProject
Project("{2150E333-8FDC-42A3-9474-1A3956D46DE8}") = "Solution Items", "Solution Items", "{38E16409-F1B6-48BA-9BCB-67F413385B23}"
	ProjectSection(SolutionItems) = preProject
		..\.github\workflows\publish.yaml = ..\.github\workflows\publish.yaml
		..\README.md = ..\README.md
	EndProjectSection
EndProject
Project("{9A19103F-16F7-4668-BE54-9A1E7A4F7556}") = "PersonalBests.Client", "PersonalBests.Client\PersonalBests.Client.csproj", "{1B924A4F-B73B-4F87-84FA-1BAD0C1EE871}"
EndProject
Global
	GlobalSection(SolutionConfigurationPlatforms) = preSolution
		Debug|Any CPU = Debug|Any CPU
		Release|Any CPU = Release|Any CPU
	EndGlobalSection
	GlobalSection(ProjectConfigurationPlatforms) = postSolution
		{55E1D2D4-4A37-47DE-ABBA-3B6D7F42CAEF}.Debug|Any CPU.ActiveCfg = Debug|Any CPU
		{55E1D2D4-4A37-47DE-ABBA-3B6D7F42CAEF}.Debug|Any CPU.Build.0 = Debug|Any CPU
		{55E1D2D4-4A37-47DE-ABBA-3B6D7F42CAEF}.Release|Any CPU.ActiveCfg = Release|Any CPU
		{55E1D2D4-4A37-47DE-ABBA-3B6D7F42CAEF}.Release|Any CPU.Build.0 = Release|Any CPU
		{3067E0D7-4B66-45E5-986E-AFDA9C00796A}.Debug|Any CPU.ActiveCfg = Debug|Any CPU
		{3067E0D7-4B66-45E5-986E-AFDA9C00796A}.Debug|Any CPU.Build.0 = Debug|Any CPU
		{3067E0D7-4B66-45E5-986E-AFDA9C00796A}.Release|Any CPU.ActiveCfg = Release|Any CPU
		{3067E0D7-4B66-45E5-986E-AFDA9C00796A}.Release|Any CPU.Build.0 = Release|Any CPU
		{1B924A4F-B73B-4F87-84FA-1BAD0C1EE871}.Debug|Any CPU.ActiveCfg = Debug|Any CPU
		{1B924A4F-B73B-4F87-84FA-1BAD0C1EE871}.Debug|Any CPU.Build.0 = Debug|Any CPU
		{1B924A4F-B73B-4F87-84FA-1BAD0C1EE871}.Release|Any CPU.ActiveCfg = Release|Any CPU
		{1B924A4F-B73B-4F87-84FA-1BAD0C1EE871}.Release|Any CPU.Build.0 = Release|Any CPU
	EndGlobalSection
	GlobalSection(SolutionProperties) = preSolution
		HideSolutionNode = FALSE
	EndGlobalSection
	GlobalSection(ExtensibilityGlobals) = postSolution
		SolutionGuid = {13414464-9DCB-4856-8E09-C110419ADD07}
	EndGlobalSection
EndGlobal
